
Microsoft Visual Studio Solution File, Format Version 10.00
# Visual Studio 2008
Project("{F184B08F-C81C-45F6-A57F-5ABD9991F28F}") = "WindowsApplication1", "WindowsApplication1\WindowsApplication1.vbproj", "{26FCA92D-58EA-42BF-8AEE-8C0BEDB1B47C}"
EndProject
Global
	GlobalSection(SolutionConfigurationPlatforms) = preSolution
		Debug|Any CPU = Debug|Any CPU
		Release|Any CPU = Release|Any CPU
	EndGlobalSection
	GlobalSection(ProjectConfigurationPlatforms) = postSolution
		{26FCA92D-58EA-42BF-8AEE-8C0BEDB1B47C}.Debug|Any CPU.ActiveCfg = Debug|Any CPU
		{26FCA92D-58EA-42BF-8AEE-8C0BEDB1B47C}.Debug|Any CPU.Build.0 = Debug|Any CPU
		{26FCA92D-58EA-42BF-8AEE-8C0BEDB1B47C}.Release|Any CPU.ActiveCfg = Release|Any CPU
		{26FCA92D-58EA-42BF-8AEE-8C0BEDB1B47C}.Release|Any CPU.Build.0 = Release|Any CPU
	EndGlobalSection
	GlobalSection(SolutionProperties) = preSolution
		HideSolutionNode = FALSE
	EndGlobalSection
EndGlobal
